
Microsoft Visual Studio Solution File, Format Version 12.00
# Visual Studio Version 17
VisualStudioVersion = 17.14.36202.13 d17.14
MinimumVisualStudioVersion = 10.0.40219.1
Project("{FAE04EC0-301F-11D3-BF4B-00C04F79EFBC}") = "elenktrinecek", "elenktrinecek\elenktrinecek.csproj", "{84106229-F39C-4390-A9AE-6ADBD5AF3C0B}"
EndProject
Global
	GlobalSection(SolutionConfigurationPlatforms) = preSolution
		Debug|Any CPU = Debug|Any CPU
		Release|Any CPU = Release|Any CPU
	EndGlobalSection
	GlobalSection(ProjectConfigurationPlatforms) = postSolution
		{84106229-F39C-4390-A9AE-6ADBD5AF3C0B}.Debug|Any CPU.ActiveCfg = Debug|Any CPU
		{84106229-F39C-4390-A9AE-6ADBD5AF3C0B}.Debug|Any CPU.Build.0 = Debug|Any CPU
		{84106229-F39C-4390-A9AE-6ADBD5AF3C0B}.Release|Any CPU.ActiveCfg = Release|Any CPU
		{84106229-F39C-4390-A9AE-6ADBD5AF3C0B}.Release|Any CPU.Build.0 = Release|Any CPU
	EndGlobalSection
	GlobalSection(SolutionProperties) = preSolution
		HideSolutionNode = FALSE
	EndGlobalSection
	GlobalSection(ExtensibilityGlobals) = postSolution
		SolutionGuid = {02E52CFE-CAE1-4328-AC99-DC6F0A65351E}
	EndGlobalSection
EndGlobal
